// !$*UTF8*$!
{
	archiveVersion = 1;
	classes = {
	};
	objectVersion = 55;
	objects = {

/* Begin PBXBuildFile section */
		5B424F372877042C0065FCB4 /* AppDelegate.swift in Sources */ = {isa = PBXBuildFile; fileRef = 5B424F362877042C0065FCB4 /* AppDelegate.swift */; };
		5B424F392877042C0065FCB4 /* SceneDelegate.swift in Sources */ = {isa = PBXBuildFile; fileRef = 5B424F382877042C0065FCB4 /* SceneDelegate.swift */; };
		5B424F3B2877042C0065FCB4 /* ViewController.swift in Sources */ = {isa = PBXBuildFile; fileRef = 5B424F3A2877042C0065FCB4 /* ViewController.swift */; };
		5B424F3E2877042C0065FCB4 /* Main.storyboard in Resources */ = {isa = PBXBuildFile; fileRef = 5B424F3C2877042C0065FCB4 /* Main.storyboard */; };
		5B424F402877042D0065FCB4 /* Assets.xcassets in Resources */ = {isa = PBXBuildFile; fileRef = 5B424F3F2877042D0065FCB4 /* Assets.xcassets */; };
		5B424F432877042D0065FCB4 /* LaunchScreen.storyboard in Resources */ = {isa = PBXBuildFile; fileRef = 5B424F412877042D0065FCB4 /* LaunchScreen.storyboard */; };
		5B7F5BD828770D17009BC622 /* Cell.swift in Sources */ = {isa = PBXBuildFile; fileRef = 5B7F5BD728770D17009BC622 /* Cell.swift */; };
		5B7F5BDA28771025009BC622 /* Coin.swift in Sources */ = {isa = PBXBuildFile; fileRef = 5B7F5BD928771025009BC622 /* Coin.swift */; };
		5B7F5BDD2877132E009BC622 /* Network.swift in Sources */ = {isa = PBXBuildFile; fileRef = 5B7F5BDC2877132E009BC622 /* Network.swift */; };
		5B7F5BE0287717F9009BC622 /* CoinNetwork.swift in Sources */ = {isa = PBXBuildFile; fileRef = 5B7F5BDF287717F9009BC622 /* CoinNetwork.swift */; };
		5B7F5BE2287718FB009BC622 /* GetCoin.swift in Sources */ = {isa = PBXBuildFile; fileRef = 5B7F5BE1287718FB009BC622 /* GetCoin.swift */; };
		5B7F5BE428771DAA009BC622 /* NeetworkError.swift in Sources */ = {isa = PBXBuildFile; fileRef = 5B7F5BE328771DAA009BC622 /* NeetworkError.swift */; };
/* End PBXBuildFile section */

/* Begin PBXFileReference section */
		5B424F332877042C0065FCB4 /* MVC-Coin.app */ = {isa = PBXFileReference; explicitFileType = wrapper.application; includeInIndex = 0; path = "MVC-Coin.app"; sourceTree = BUILT_PRODUCTS_DIR; };
		5B424F362877042C0065FCB4 /* AppDelegate.swift */ = {isa = PBXFileReference; lastKnownFileType = sourcecode.swift; path = AppDelegate.swift; sourceTree = "<group>"; };
		5B424F382877042C0065FCB4 /* SceneDelegate.swift */ = {isa = PBXFileReference; lastKnownFileType = sourcecode.swift; path = SceneDelegate.swift; sourceTree = "<group>"; };
		5B424F3A2877042C0065FCB4 /* ViewController.swift */ = {isa = PBXFileReference; lastKnownFileType = sourcecode.swift; path = ViewController.swift; sourceTree = "<group>"; };
		5B424F3D2877042C0065FCB4 /* Base */ = {isa = PBXFileReference; lastKnownFileType = file.storyboard; name = Base; path = Base.lproj/Main.storyboard; sourceTree = "<group>"; };
		5B424F3F2877042D0065FCB4 /* Assets.xcassets */ = {isa = PBXFileReference; lastKnownFileType = folder.assetcatalog; path = Assets.xcassets; sourceTree = "<group>"; };
		5B424F422877042D0065FCB4 /* Base */ = {isa = PBXFileReference; lastKnownFileType = file.storyboard; name = Base; path = Base.lproj/LaunchScreen.storyboard; sourceTree = "<group>"; };
		5B424F442877042D0065FCB4 /* Info.plist */ = {isa = PBXFileReference; lastKnownFileType = text.plist.xml; path = Info.plist; sourceTree = "<group>"; };
		5B7F5BD728770D17009BC622 /* Cell.swift */ = {isa = PBXFileReference; lastKnownFileType = sourcecode.swift; path = Cell.swift; sourceTree = "<group>"; };
		5B7F5BD928771025009BC622 /* Coin.swift */ = {isa = PBXFileReference; lastKnownFileType = sourcecode.swift; path = Coin.swift; sourceTree = "<group>"; };
		5B7F5BDC2877132E009BC622 /* Network.swift */ = {isa = PBXFileReference; lastKnownFileType = sourcecode.swift; path = Network.swift; sourceTree = "<group>"; };
		5B7F5BDF287717F9009BC622 /* CoinNetwork.swift */ = {isa = PBXFileReference; lastKnownFileType = sourcecode.swift; path = CoinNetwork.swift; sourceTree = "<group>"; };
		5B7F5BE1287718FB009BC622 /* GetCoin.swift */ = {isa = PBXFileReference; lastKnownFileType = sourcecode.swift; path = GetCoin.swift; sourceTree = "<group>"; };
		5B7F5BE328771DAA009BC622 /* NeetworkError.swift */ = {isa = PBXFileReference; lastKnownFileType = sourcecode.swift; path = NeetworkError.swift; sourceTree = "<group>"; };
/* End PBXFileReference section */

/* Begin PBXFrameworksBuildPhase section */
		5B424F302877042C0065FCB4 /* Frameworks */ = {
			isa = PBXFrameworksBuildPhase;
			buildActionMask = 2147483647;
			files = (
			);
			runOnlyForDeploymentPostprocessing = 0;
		};
/* End PBXFrameworksBuildPhase section */

/* Begin PBXGroup section */
		5B424F2A2877042C0065FCB4 = {
			isa = PBXGroup;
			children = (
				5B424F352877042C0065FCB4 /* MVC-Coin */,
				5B424F342877042C0065FCB4 /* Products */,
			);
			sourceTree = "<group>";
		};
		5B424F342877042C0065FCB4 /* Products */ = {
			isa = PBXGroup;
			children = (
				5B424F332877042C0065FCB4 /* MVC-Coin.app */,
			);
			name = Products;
			sourceTree = "<group>";
		};
		5B424F352877042C0065FCB4 /* MVC-Coin */ = {
			isa = PBXGroup;
			children = (
				5B424F4D2877047F0065FCB4 /* Application */,
				5B424F4E2877053D0065FCB4 /* Coin */,
				5B424F53287705F80065FCB4 /* Supporting files */,
			);
			path = "MVC-Coin";
			sourceTree = "<group>";
		};
		5B424F4A287704400065FCB4 /* Model */ = {
			isa = PBXGroup;
			children = (
				5B424F362877042C0065FCB4 /* AppDelegate.swift */,
				5B7F5BE328771DAA009BC622 /* NeetworkError.swift */,
			);
			path = Model;
			sourceTree = "<group>";
		};
		5B424F4B287704460065FCB4 /* View */ = {
			isa = PBXGroup;
			children = (
				5B424F3C2877042C0065FCB4 /* Main.storyboard */,
				5B424F412877042D0065FCB4 /* LaunchScreen.storyboard */,
			);
			path = View;
			sourceTree = "<group>";
		};
		5B424F4C2877044D0065FCB4 /* Controller */ = {
			isa = PBXGroup;
			children = (
				5B7F5BDB2877130C009BC622 /* Network */,
			);
			path = Controller;
			sourceTree = "<group>";
		};
		5B424F4D2877047F0065FCB4 /* Application */ = {
			isa = PBXGroup;
			children = (
				5B424F4B287704460065FCB4 /* View */,
				5B424F4A287704400065FCB4 /* Model */,
				5B424F4C2877044D0065FCB4 /* Controller */,
			);
			path = Application;
			sourceTree = "<group>";
		};
		5B424F4E2877053D0065FCB4 /* Coin */ = {
			isa = PBXGroup;
			children = (
				5B7F5BDE2877179C009BC622 /* CoinNetwork */,
				5B424F522877056A0065FCB4 /* Model */,
				5B424F51287705660065FCB4 /* View */,
				5B424F4F2877054F0065FCB4 /* Controller */,
			);
			path = Coin;
			sourceTree = "<group>";
		};
		5B424F4F2877054F0065FCB4 /* Controller */ = {
			isa = PBXGroup;
			children = (
				5B424F3A2877042C0065FCB4 /* ViewController.swift */,
			);
			path = Controller;
			sourceTree = "<group>";
		};
		5B424F51287705660065FCB4 /* View */ = {
			isa = PBXGroup;
			children = (
				5B7F5BD728770D17009BC622 /* Cell.swift */,
			);
			path = View;
			sourceTree = "<group>";
		};
		5B424F522877056A0065FCB4 /* Model */ = {
			isa = PBXGroup;
			children = (
				5B7F5BD928771025009BC622 /* Coin.swift */,
				5B7F5BE1287718FB009BC622 /* GetCoin.swift */,
			);
			path = Model;
			sourceTree = "<group>";
		};
		5B424F53287705F80065FCB4 /* Supporting files */ = {
			isa = PBXGroup;
			children = (
				5B424F382877042C0065FCB4 /* SceneDelegate.swift */,
				5B424F3F2877042D0065FCB4 /* Assets.xcassets */,
				5B424F442877042D0065FCB4 /* Info.plist */,
			);
			path = "Supporting files";
			sourceTree = "<group>";
		};
		5B7F5BDB2877130C009BC622 /* Network */ = {
			isa = PBXGroup;
			children = (
				5B7F5BDC2877132E009BC622 /* Network.swift */,
			);
			path = Network;
			sourceTree = "<group>";
		};
		5B7F5BDE2877179C009BC622 /* CoinNetwork */ = {
			isa = PBXGroup;
			children = (
				5B7F5BDF287717F9009BC622 /* CoinNetwork.swift */,
			);
			path = CoinNetwork;
			sourceTree = "<group>";
		};
/* End PBXGroup section */

/* Begin PBXNativeTarget section */
		5B424F322877042C0065FCB4 /* MVC-Coin */ = {
			isa = PBXNativeTarget;
			buildConfigurationList = 5B424F472877042D0065FCB4 /* Build configuration list for PBXNativeTarget "MVC-Coin" */;
			buildPhases = (
				5B424F2F2877042C0065FCB4 /* Sources */,
				5B424F302877042C0065FCB4 /* Frameworks */,
				5B424F312877042C0065FCB4 /* Resources */,
			);
			buildRules = (
			);
			dependencies = (
			);
			name = "MVC-Coin";
			productName = "MVC-Coin";
			productReference = 5B424F332877042C0065FCB4 /* MVC-Coin.app */;
			productType = "com.apple.product-type.application";
		};
/* End PBXNativeTarget section */

/* Begin PBXProject section */
		5B424F2B2877042C0065FCB4 /* Project object */ = {
			isa = PBXProject;
			attributes = {
				BuildIndependentTargetsInParallel = 1;
				LastSwiftUpdateCheck = 1330;
				LastUpgradeCheck = 1330;
				TargetAttributes = {
					5B424F322877042C0065FCB4 = {
						CreatedOnToolsVersion = 13.3.1;
					};
				};
			};
			buildConfigurationList = 5B424F2E2877042C0065FCB4 /* Build configuration list for PBXProject "MVC-Coin" */;
			compatibilityVersion = "Xcode 13.0";
			developmentRegion = en;
			hasScannedForEncodings = 0;
			knownRegions = (
				en,
				Base,
			);
			mainGroup = 5B424F2A2877042C0065FCB4;
			productRefGroup = 5B424F342877042C0065FCB4 /* Products */;
			projectDirPath = "";
			projectRoot = "";
			targets = (
				5B424F322877042C0065FCB4 /* MVC-Coin */,
			);
		};
/* End PBXProject section */

/* Begin PBXResourcesBuildPhase section */
		5B424F312877042C0065FCB4 /* Resources */ = {
			isa = PBXResourcesBuildPhase;
			buildActionMask = 2147483647;
			files = (
				5B424F432877042D0065FCB4 /* LaunchScreen.storyboard in Resources */,
				5B424F402877042D0065FCB4 /* Assets.xcassets in Resources */,
				5B424F3E2877042C0065FCB4 /* Main.storyboard in Resources */,
			);
			runOnlyForDeploymentPostprocessing = 0;
		};
/* End PBXResourcesBuildPhase section */

/* Begin PBXSourcesBuildPhase section */
		5B424F2F2877042C0065FCB4 /* Sources */ = {
			isa = PBXSourcesBuildPhase;
			buildActionMask = 2147483647;
			files = (
				5B7F5BE428771DAA009BC622 /* NeetworkError.swift in Sources */,
				5B424F3B2877042C0065FCB4 /* ViewController.swift in Sources */,
				5B7F5BE2287718FB009BC622 /* GetCoin.swift in Sources */,
				5B7F5BD828770D17009BC622 /* Cell.swift in Sources */,
				5B7F5BDD2877132E009BC622 /* Network.swift in Sources */,
				5B424F372877042C0065FCB4 /* AppDelegate.swift in Sources */,
				5B7F5BDA28771025009BC622 /* Coin.swift in Sources */,
				5B7F5BE0287717F9009BC622 /* CoinNetwork.swift in Sources */,
				5B424F392877042C0065FCB4 /* SceneDelegate.swift in Sources */,
			);
			runOnlyForDeploymentPostprocessing = 0;
		};
/* End PBXSourcesBuildPhase section */

/* Begin PBXVariantGroup section */
		5B424F3C2877042C0065FCB4 /* Main.storyboard */ = {
			isa = PBXVariantGroup;
			children = (
				5B424F3D2877042C0065FCB4 /* Base */,
			);
			name = Main.storyboard;
			sourceTree = "<group>";
		};
		5B424F412877042D0065FCB4 /* LaunchScreen.storyboard */ = {
			isa = PBXVariantGroup;
			children = (
				5B424F422877042D0065FCB4 /* Base */,
			);
			name = LaunchScreen.storyboard;
			sourceTree = "<group>";
		};
/* End PBXVariantGroup section */

/* Begin XCBuildConfiguration section */
		5B424F452877042D0065FCB4 /* Debug */ = {
			isa = XCBuildConfiguration;
			buildSettings = {
				ALWAYS_SEARCH_USER_PATHS = NO;
				CLANG_ANALYZER_NONNULL = YES;
				CLANG_ANALYZER_NUMBER_OBJECT_CONVERSION = YES_AGGRESSIVE;
				CLANG_CXX_LANGUAGE_STANDARD = "gnu++17";
				CLANG_ENABLE_MODULES = YES;
				CLANG_ENABLE_OBJC_ARC = YES;
				CLANG_ENABLE_OBJC_WEAK = YES;
				CLANG_WARN_BLOCK_CAPTURE_AUTORELEASING = YES;
				CLANG_WARN_BOOL_CONVERSION = YES;
				CLANG_WARN_COMMA = YES;
				CLANG_WARN_CONSTANT_CONVERSION = YES;
				CLANG_WARN_DEPRECATED_OBJC_IMPLEMENTATIONS = YES;
				CLANG_WARN_DIRECT_OBJC_ISA_USAGE = YES_ERROR;
				CLANG_WARN_DOCUMENTATION_COMMENTS = YES;
				CLANG_WARN_EMPTY_BODY = YES;
				CLANG_WARN_ENUM_CONVERSION = YES;
				CLANG_WARN_INFINITE_RECURSION = YES;
				CLANG_WARN_INT_CONVERSION = YES;
				CLANG_WARN_NON_LITERAL_NULL_CONVERSION = YES;
				CLANG_WARN_OBJC_IMPLICIT_RETAIN_SELF = YES;
				CLANG_WARN_OBJC_LITERAL_CONVERSION = YES;
				CLANG_WARN_OBJC_ROOT_CLASS = YES_ERROR;
				CLANG_WARN_QUOTED_INCLUDE_IN_FRAMEWORK_HEADER = YES;
				CLANG_WARN_RANGE_LOOP_ANALYSIS = YES;
				CLANG_WARN_STRICT_PROTOTYPES = YES;
				CLANG_WARN_SUSPICIOUS_MOVE = YES;
				CLANG_WARN_UNGUARDED_AVAILABILITY = YES_AGGRESSIVE;
				CLANG_WARN_UNREACHABLE_CODE = YES;
				CLANG_WARN__DUPLICATE_METHOD_MATCH = YES;
				COPY_PHASE_STRIP = NO;
				DEBUG_INFORMATION_FORMAT = dwarf;
				ENABLE_STRICT_OBJC_MSGSEND = YES;
				ENABLE_TESTABILITY = YES;
				GCC_C_LANGUAGE_STANDARD = gnu11;
				GCC_DYNAMIC_NO_PIC = NO;
				GCC_NO_COMMON_BLOCKS = YES;
				GCC_OPTIMIZATION_LEVEL = 0;
				GCC_PREPROCESSOR_DEFINITIONS = (
					"DEBUG=1",
					"$(inherited)",
				);
				GCC_WARN_64_TO_32_BIT_CONVERSION = YES;
				GCC_WARN_ABOUT_RETURN_TYPE = YES_ERROR;
				GCC_WARN_UNDECLARED_SELECTOR = YES;
				GCC_WARN_UNINITIALIZED_AUTOS = YES_AGGRESSIVE;
				GCC_WARN_UNUSED_FUNCTION = YES;
				GCC_WARN_UNUSED_VARIABLE = YES;
				IPHONEOS_DEPLOYMENT_TARGET = 15.4;
				MTL_ENABLE_DEBUG_INFO = INCLUDE_SOURCE;
				MTL_FAST_MATH = YES;
				ONLY_ACTIVE_ARCH = YES;
				SDKROOT = iphoneos;
				SWIFT_ACTIVE_COMPILATION_CONDITIONS = DEBUG;
				SWIFT_OPTIMIZATION_LEVEL = "-Onone";
			};
			name = Debug;
		};
		5B424F462877042D0065FCB4 /* Release */ = {
			isa = XCBuildConfiguration;
			buildSettings = {
				ALWAYS_SEARCH_USER_PATHS = NO;
				CLANG_ANALYZER_NONNULL = YES;
				CLANG_ANALYZER_NUMBER_OBJECT_CONVERSION = YES_AGGRESSIVE;
				CLANG_CXX_LANGUAGE_STANDARD = "gnu++17";
				CLANG_ENABLE_MODULES = YES;
				CLANG_ENABLE_OBJC_ARC = YES;
				CLANG_ENABLE_OBJC_WEAK = YES;
				CLANG_WARN_BLOCK_CAPTURE_AUTORELEASING = YES;
				CLANG_WARN_BOOL_CONVERSION = YES;
				CLANG_WARN_COMMA = YES;
				CLANG_WARN_CONSTANT_CONVERSION = YES;
				CLANG_WARN_DEPRECATED_OBJC_IMPLEMENTATIONS = YES;
				CLANG_WARN_DIRECT_OBJC_ISA_USAGE = YES_ERROR;
				CLANG_WARN_DOCUMENTATION_COMMENTS = YES;
				CLANG_WARN_EMPTY_BODY = YES;
				CLANG_WARN_ENUM_CONVERSION = YES;
				CLANG_WARN_INFINITE_RECURSION = YES;
				CLANG_WARN_INT_CONVERSION = YES;
				CLANG_WARN_NON_LITERAL_NULL_CONVERSION = YES;
				CLANG_WARN_OBJC_IMPLICIT_RETAIN_SELF = YES;
				CLANG_WARN_OBJC_LITERAL_CONVERSION = YES;
				CLANG_WARN_OBJC_ROOT_CLASS = YES_ERROR;
				CLANG_WARN_QUOTED_INCLUDE_IN_FRAMEWORK_HEADER = YES;
				CLANG_WARN_RANGE_LOOP_ANALYSIS = YES;
				CLANG_WARN_STRICT_PROTOTYPES = YES;
				CLANG_WARN_SUSPICIOUS_MOVE = YES;
				CLANG_WARN_UNGUARDED_AVAILABILITY = YES_AGGRESSIVE;
				CLANG_WARN_UNREACHABLE_CODE = YES;
				CLANG_WARN__DUPLICATE_METHOD_MATCH = YES;
				COPY_PHASE_STRIP = NO;
				DEBUG_INFORMATION_FORMAT = "dwarf-with-dsym";
				ENABLE_NS_ASSERTIONS = NO;
				ENABLE_STRICT_OBJC_MSGSEND = YES;
				GCC_C_LANGUAGE_STANDARD = gnu11;
				GCC_NO_COMMON_BLOCKS = YES;
				GCC_WARN_64_TO_32_BIT_CONVERSION = YES;
				GCC_WARN_ABOUT_RETURN_TYPE = YES_ERROR;
				GCC_WARN_UNDECLARED_SELECTOR = YES;
				GCC_WARN_UNINITIALIZED_AUTOS = YES_AGGRESSIVE;
				GCC_WARN_UNUSED_FUNCTION = YES;
				GCC_WARN_UNUSED_VARIABLE = YES;
				IPHONEOS_DEPLOYMENT_TARGET = 15.4;
				MTL_ENABLE_DEBUG_INFO = NO;
				MTL_FAST_MATH = YES;
				SDKROOT = iphoneos;
				SWIFT_COMPILATION_MODE = wholemodule;
				SWIFT_OPTIMIZATION_LEVEL = "-O";
				VALIDATE_PRODUCT = YES;
			};
			name = Release;
		};
		5B424F482877042D0065FCB4 /* Debug */ = {
			isa = XCBuildConfiguration;
			buildSettings = {
				ASSETCATALOG_COMPILER_APPICON_NAME = AppIcon;
				ASSETCATALOG_COMPILER_GLOBAL_ACCENT_COLOR_NAME = AccentColor;
				CODE_SIGN_STYLE = Automatic;
				CURRENT_PROJECT_VERSION = 1;
				DEVELOPMENT_TEAM = HP7U6AK4Y6;
				GENERATE_INFOPLIST_FILE = YES;
				INFOPLIST_FILE = "MVC-Coin/Supporting files/Info.plist";
				INFOPLIST_KEY_UIApplicationSupportsIndirectInputEvents = YES;
				INFOPLIST_KEY_UILaunchStoryboardName = LaunchScreen;
				INFOPLIST_KEY_UIMainStoryboardFile = Main;
				INFOPLIST_KEY_UISupportedInterfaceOrientations_iPad = "UIInterfaceOrientationPortrait UIInterfaceOrientationPortraitUpsideDown UIInterfaceOrientationLandscapeLeft UIInterfaceOrientationLandscapeRight";
				INFOPLIST_KEY_UISupportedInterfaceOrientations_iPhone = "UIInterfaceOrientationPortrait UIInterfaceOrientationLandscapeLeft UIInterfaceOrientationLandscapeRight";
				LD_RUNPATH_SEARCH_PATHS = (
					"$(inherited)",
					"@executable_path/Frameworks",
				);
				MARKETING_VERSION = 1.0;
				PRODUCT_BUNDLE_IDENTIFIER = "dberd.MVC-Coin";
				PRODUCT_NAME = "$(TARGET_NAME)";
				SWIFT_EMIT_LOC_STRINGS = YES;
				SWIFT_VERSION = 5.0;
				TARGETED_DEVICE_FAMILY = "1,2";
			};
			name = Debug;
		};
		5B424F492877042D0065FCB4 /* Release */ = {
			isa = XCBuildConfiguration;
			buildSettings = {
				ASSETCATALOG_COMPILER_APPICON_NAME = AppIcon;
				ASSETCATALOG_COMPILER_GLOBAL_ACCENT_COLOR_NAME = AccentColor;
				CODE_SIGN_STYLE = Automatic;
				CURRENT_PROJECT_VERSION = 1;
				DEVELOPMENT_TEAM = HP7U6AK4Y6;
				GENERATE_INFOPLIST_FILE = YES;
				INFOPLIST_FILE = "MVC-Coin/Supporting files/Info.plist";
				INFOPLIST_KEY_UIApplicationSupportsIndirectInputEvents = YES;
				INFOPLIST_KEY_UILaunchStoryboardName = LaunchScreen;
				INFOPLIST_KEY_UIMainStoryboardFile = Main;
				INFOPLIST_KEY_UISupportedInterfaceOrientations_iPad = "UIInterfaceOrientationPortrait UIInterfaceOrientationPortraitUpsideDown UIInterfaceOrientationLandscapeLeft UIInterfaceOrientationLandscapeRight";
				INFOPLIST_KEY_UISupportedInterfaceOrientations_iPhone = "UIInterfaceOrientationPortrait UIInterfaceOrientationLandscapeLeft UIInterfaceOrientationLandscapeRight";
				LD_RUNPATH_SEARCH_PATHS = (
					"$(inherited)",
					"@executable_path/Frameworks",
				);
				MARKETING_VERSION = 1.0;
				PRODUCT_BUNDLE_IDENTIFIER = "dberd.MVC-Coin";
				PRODUCT_NAME = "$(TARGET_NAME)";
				SWIFT_EMIT_LOC_STRINGS = YES;
				SWIFT_VERSION = 5.0;
				TARGETED_DEVICE_FAMILY = "1,2";
			};
			name = Release;
		};
/* End XCBuildConfiguration section */

/* Begin XCConfigurationList section */
		5B424F2E2877042C0065FCB4 /* Build configuration list for PBXProject "MVC-Coin" */ = {
			isa = XCConfigurationList;
			buildConfigurations = (
				5B424F452877042D0065FCB4 /* Debug */,
				5B424F462877042D0065FCB4 /* Release */,
			);
			defaultConfigurationIsVisible = 0;
			defaultConfigurationName = Release;
		};
		5B424F472877042D0065FCB4 /* Build configuration list for PBXNativeTarget "MVC-Coin" */ = {
			isa = XCConfigurationList;
			buildConfigurations = (
				5B424F482877042D0065FCB4 /* Debug */,
				5B424F492877042D0065FCB4 /* Release */,
			);
			defaultConfigurationIsVisible = 0;
			defaultConfigurationName = Release;
		};
/* End XCConfigurationList section */
	};
	rootObject = 5B424F2B2877042C0065FCB4 /* Project object */;
}
